// !$*UTF8*$!
{
	archiveVersion = 1;
	classes = {
	};
	objectVersion = 50;
	objects = {

/* Begin PBXBuildFile section */
		9DB2AB2024A21D6400CAB2E3 /* AppDelegate.swift in Sources */ = {isa = PBXBuildFile; fileRef = 9DB2AB1F24A21D6400CAB2E3 /* AppDelegate.swift */; };
		9DB2AB2224A21D6400CAB2E3 /* ViewController.swift in Sources */ = {isa = PBXBuildFile; fileRef = 9DB2AB2124A21D6400CAB2E3 /* ViewController.swift */; };
		9DB2AB2524A21D6400CAB2E3 /* Main.storyboard in Resources */ = {isa = PBXBuildFile; fileRef = 9DB2AB2324A21D6400CAB2E3 /* Main.storyboard */; };
		9DB2AB2824A21D6400CAB2E3 /* TechnicalTest.xcdatamodeld in Sources */ = {isa = PBXBuildFile; fileRef = 9DB2AB2624A21D6400CAB2E3 /* TechnicalTest.xcdatamodeld */; };
		9DB2AB2A24A21D6500CAB2E3 /* Assets.xcassets in Resources */ = {isa = PBXBuildFile; fileRef = 9DB2AB2924A21D6500CAB2E3 /* Assets.xcassets */; };
		9DB2AB2D24A21D6500CAB2E3 /* LaunchScreen.storyboard in Resources */ = {isa = PBXBuildFile; fileRef = 9DB2AB2B24A21D6500CAB2E3 /* LaunchScreen.storyboard */; };
/* End PBXBuildFile section */

/* Begin PBXFileReference section */
		9DB2AB1C24A21D6400CAB2E3 /* TechnicalTest.app */ = {isa = PBXFileReference; explicitFileType = wrapper.application; includeInIndex = 0; path = TechnicalTest.app; sourceTree = BUILT_PRODUCTS_DIR; };
		9DB2AB1F24A21D6400CAB2E3 /* AppDelegate.swift */ = {isa = PBXFileReference; lastKnownFileType = sourcecode.swift; path = AppDelegate.swift; sourceTree = "<group>"; };
		9DB2AB2124A21D6400CAB2E3 /* ViewController.swift */ = {isa = PBXFileReference; lastKnownFileType = sourcecode.swift; path = ViewController.swift; sourceTree = "<group>"; };
		9DB2AB2424A21D6400CAB2E3 /* Base */ = {isa = PBXFileReference; lastKnownFileType = file.storyboard; name = Base; path = Base.lproj/Main.storyboard; sourceTree = "<group>"; };
		9DB2AB2724A21D6400CAB2E3 /* TechnicalTest.xcdatamodel */ = {isa = PBXFileReference; lastKnownFileType = wrapper.xcdatamodel; path = TechnicalTest.xcdatamodel; sourceTree = "<group>"; };
		9DB2AB2924A21D6500CAB2E3 /* Assets.xcassets */ = {isa = PBXFileReference; lastKnownFileType = folder.assetcatalog; path = Assets.xcassets; sourceTree = "<group>"; };
		9DB2AB2C24A21D6500CAB2E3 /* Base */ = {isa = PBXFileReference; lastKnownFileType = file.storyboard; name = Base; path = Base.lproj/LaunchScreen.storyboard; sourceTree = "<group>"; };
		9DB2AB2E24A21D6500CAB2E3 /* Info.plist */ = {isa = PBXFileReference; lastKnownFileType = text.plist.xml; path = Info.plist; sourceTree = "<group>"; };
/* End PBXFileReference section */

/* Begin PBXFrameworksBuildPhase section */
		9DB2AB1924A21D6400CAB2E3 /* Frameworks */ = {
			isa = PBXFrameworksBuildPhase;
			buildActionMask = 2147483647;
			files = (
			);
			runOnlyForDeploymentPostprocessing = 0;
		};
/* End PBXFrameworksBuildPhase section */

/* Begin PBXGroup section */
		9DB2AB1324A21D6400CAB2E3 = {
			isa = PBXGroup;
			children = (
				9DB2AB1E24A21D6400CAB2E3 /* TechnicalTest */,
				9DB2AB1D24A21D6400CAB2E3 /* Products */,
			);
			sourceTree = "<group>";
		};
		9DB2AB1D24A21D6400CAB2E3 /* Products */ = {
			isa = PBXGroup;
			children = (
				9DB2AB1C24A21D6400CAB2E3 /* TechnicalTest.app */,
			);
			name = Products;
			sourceTree = "<group>";
		};
		9DB2AB1E24A21D6400CAB2E3 /* TechnicalTest */ = {
			isa = PBXGroup;
			children = (
				9DB2AB1F24A21D6400CAB2E3 /* AppDelegate.swift */,
				9DB2AB2124A21D6400CAB2E3 /* ViewController.swift */,
				9DB2AB2324A21D6400CAB2E3 /* Main.storyboard */,
				9DB2AB2924A21D6500CAB2E3 /* Assets.xcassets */,
				9DB2AB2B24A21D6500CAB2E3 /* LaunchScreen.storyboard */,
				9DB2AB2E24A21D6500CAB2E3 /* Info.plist */,
				9DB2AB2624A21D6400CAB2E3 /* TechnicalTest.xcdatamodeld */,
			);
			path = TechnicalTest;
			sourceTree = "<group>";
		};
/* End PBXGroup section */

/* Begin PBXNativeTarget section */
		9DB2AB1B24A21D6400CAB2E3 /* TechnicalTest */ = {
			isa = PBXNativeTarget;
			buildConfigurationList = 9DB2AB3124A21D6500CAB2E3 /* Build configuration list for PBXNativeTarget "TechnicalTest" */;
			buildPhases = (
				9DB2AB1824A21D6400CAB2E3 /* Sources */,
				9DB2AB1924A21D6400CAB2E3 /* Frameworks */,
				9DB2AB1A24A21D6400CAB2E3 /* Resources */,
			);
			buildRules = (
			);
			dependencies = (
			);
			name = TechnicalTest;
			productName = TechnicalTest;
			productReference = 9DB2AB1C24A21D6400CAB2E3 /* TechnicalTest.app */;
			productType = "com.apple.product-type.application";
		};
/* End PBXNativeTarget section */

/* Begin PBXProject section */
		9DB2AB1424A21D6400CAB2E3 /* Project object */ = {
			isa = PBXProject;
			attributes = {
				LastSwiftUpdateCheck = 1010;
				LastUpgradeCheck = 1010;
				ORGANIZATIONNAME = ChristianRusin;
				TargetAttributes = {
					9DB2AB1B24A21D6400CAB2E3 = {
						CreatedOnToolsVersion = 10.1;
					};
				};
			};
			buildConfigurationList = 9DB2AB1724A21D6400CAB2E3 /* Build configuration list for PBXProject "TechnicalTest" */;
			compatibilityVersion = "Xcode 9.3";
			developmentRegion = en;
			hasScannedForEncodings = 0;
			knownRegions = (
				en,
				Base,
			);
			mainGroup = 9DB2AB1324A21D6400CAB2E3;
			productRefGroup = 9DB2AB1D24A21D6400CAB2E3 /* Products */;
			projectDirPath = "";
			projectRoot = "";
			targets = (
				9DB2AB1B24A21D6400CAB2E3 /* TechnicalTest */,
			);
		};
/* End PBXProject section */

/* Begin PBXResourcesBuildPhase section */
		9DB2AB1A24A21D6400CAB2E3 /* Resources */ = {
			isa = PBXResourcesBuildPhase;
			buildActionMask = 2147483647;
			files = (
				9DB2AB2D24A21D6500CAB2E3 /* LaunchScreen.storyboard in Resources */,
				9DB2AB2A24A21D6500CAB2E3 /* Assets.xcassets in Resources */,
				9DB2AB2524A21D6400CAB2E3 /* Main.storyboard in Resources */,
			);
			runOnlyForDeploymentPostprocessing = 0;
		};
/* End PBXResourcesBuildPhase section */

/* Begin PBXSourcesBuildPhase section */
		9DB2AB1824A21D6400CAB2E3 /* Sources */ = {
			isa = PBXSourcesBuildPhase;
			buildActionMask = 2147483647;
			files = (
				9DB2AB2824A21D6400CAB2E3 /* TechnicalTest.xcdatamodeld in Sources */,
				9DB2AB2224A21D6400CAB2E3 /* ViewController.swift in Sources */,
				9DB2AB2024A21D6400CAB2E3 /* AppDelegate.swift in Sources */,
			);
			runOnlyForDeploymentPostprocessing = 0;
		};
/* End PBXSourcesBuildPhase section */

/* Begin PBXVariantGroup section */
		9DB2AB2324A21D6400CAB2E3 /* Main.storyboard */ = {
			isa = PBXVariantGroup;
			children = (
				9DB2AB2424A21D6400CAB2E3 /* Base */,
			);
			name = Main.storyboard;
			sourceTree = "<group>";
		};
		9DB2AB2B24A21D6500CAB2E3 /* LaunchScreen.storyboard */ = {
			isa = PBXVariantGroup;
			children = (
				9DB2AB2C24A21D6500CAB2E3 /* Base */,
			);
			name = LaunchScreen.storyboard;
			sourceTree = "<group>";
		};
/* End PBXVariantGroup section */

/* Begin XCBuildConfiguration section */
		9DB2AB2F24A21D6500CAB2E3 /* Debug */ = {
			isa = XCBuildConfiguration;
			buildSettings = {
				ALWAYS_SEARCH_USER_PATHS = NO;
				CLANG_ANALYZER_NONNULL = YES;
				CLANG_ANALYZER_NUMBER_OBJECT_CONVERSION = YES_AGGRESSIVE;
				CLANG_CXX_LANGUAGE_STANDARD = "gnu++14";
				CLANG_CXX_LIBRARY = "libc++";
				CLANG_ENABLE_MODULES = YES;
				CLANG_ENABLE_OBJC_ARC = YES;
				CLANG_ENABLE_OBJC_WEAK = YES;
				CLANG_WARN_BLOCK_CAPTURE_AUTORELEASING = YES;
				CLANG_WARN_BOOL_CONVERSION = YES;
				CLANG_WARN_COMMA = YES;
				CLANG_WARN_CONSTANT_CONVERSION = YES;
				CLANG_WARN_DEPRECATED_OBJC_IMPLEMENTATIONS = YES;
				CLANG_WARN_DIRECT_OBJC_ISA_USAGE = YES_ERROR;
				CLANG_WARN_DOCUMENTATION_COMMENTS = YES;
				CLANG_WARN_EMPTY_BODY = YES;
				CLANG_WARN_ENUM_CONVERSION = YES;
				CLANG_WARN_INFINITE_RECURSION = YES;
				CLANG_WARN_INT_CONVERSION = YES;
				CLANG_WARN_NON_LITERAL_NULL_CONVERSION = YES;
				CLANG_WARN_OBJC_IMPLICIT_RETAIN_SELF = YES;
				CLANG_WARN_OBJC_LITERAL_CONVERSION = YES;
				CLANG_WARN_OBJC_ROOT_CLASS = YES_ERROR;
				CLANG_WARN_RANGE_LOOP_ANALYSIS = YES;
				CLANG_WARN_STRICT_PROTOTYPES = YES;
				CLANG_WARN_SUSPICIOUS_MOVE = YES;
				CLANG_WARN_UNGUARDED_AVAILABILITY = YES_AGGRESSIVE;
				CLANG_WARN_UNREACHABLE_CODE = YES;
				CLANG_WARN__DUPLICATE_METHOD_MATCH = YES;
				CODE_SIGN_IDENTITY = "iPhone Developer";
				COPY_PHASE_STRIP = NO;
				DEBUG_INFORMATION_FORMAT = dwarf;
				ENABLE_STRICT_OBJC_MSGSEND = YES;
				ENABLE_TESTABILITY = YES;
				GCC_C_LANGUAGE_STANDARD = gnu11;
				GCC_DYNAMIC_NO_PIC = NO;
				GCC_NO_COMMON_BLOCKS = YES;
				GCC_OPTIMIZATION_LEVEL = 0;
				GCC_PREPROCESSOR_DEFINITIONS = (
					"DEBUG=1",
					"$(inherited)",
				);
				GCC_WARN_64_TO_32_BIT_CONVERSION = YES;
				GCC_WARN_ABOUT_RETURN_TYPE = YES_ERROR;
				GCC_WARN_UNDECLARED_SELECTOR = YES;
				GCC_WARN_UNINITIALIZED_AUTOS = YES_AGGRESSIVE;
				GCC_WARN_UNUSED_FUNCTION = YES;
				GCC_WARN_UNUSED_VARIABLE = YES;
				IPHONEOS_DEPLOYMENT_TARGET = 12.1;
				MTL_ENABLE_DEBUG_INFO = INCLUDE_SOURCE;
				MTL_FAST_MATH = YES;
				ONLY_ACTIVE_ARCH = YES;
				SDKROOT = iphoneos;
				SWIFT_ACTIVE_COMPILATION_CONDITIONS = DEBUG;
				SWIFT_OPTIMIZATION_LEVEL = "-Onone";
			};
			name = Debug;
		};
		9DB2AB3024A21D6500CAB2E3 /* Release */ = {
			isa = XCBuildConfiguration;
			buildSettings = {
				ALWAYS_SEARCH_USER_PATHS = NO;
				CLANG_ANALYZER_NONNULL = YES;
				CLANG_ANALYZER_NUMBER_OBJECT_CONVERSION = YES_AGGRESSIVE;
				CLANG_CXX_LANGUAGE_STANDARD = "gnu++14";
				CLANG_CXX_LIBRARY = "libc++";
				CLANG_ENABLE_MODULES = YES;
				CLANG_ENABLE_OBJC_ARC = YES;
				CLANG_ENABLE_OBJC_WEAK = YES;
				CLANG_WARN_BLOCK_CAPTURE_AUTORELEASING = YES;
				CLANG_WARN_BOOL_CONVERSION = YES;
				CLANG_WARN_COMMA = YES;
				CLANG_WARN_CONSTANT_CONVERSION = YES;
				CLANG_WARN_DEPRECATED_OBJC_IMPLEMENTATIONS = YES;
				CLANG_WARN_DIRECT_OBJC_ISA_USAGE = YES_ERROR;
				CLANG_WARN_DOCUMENTATION_COMMENTS = YES;
				CLANG_WARN_EMPTY_BODY = YES;
				CLANG_WARN_ENUM_CONVERSION = YES;
				CLANG_WARN_INFINITE_RECURSION = YES;
				CLANG_WARN_INT_CONVERSION = YES;
				CLANG_WARN_NON_LITERAL_NULL_CONVERSION = YES;
				CLANG_WARN_OBJC_IMPLICIT_RETAIN_SELF = YES;
				CLANG_WARN_OBJC_LITERAL_CONVERSION = YES;
				CLANG_WARN_OBJC_ROOT_CLASS = YES_ERROR;
				CLANG_WARN_RANGE_LOOP_ANALYSIS = YES;
				CLANG_WARN_STRICT_PROTOTYPES = YES;
				CLANG_WARN_SUSPICIOUS_MOVE = YES;
				CLANG_WARN_UNGUARDED_AVAILABILITY = YES_AGGRESSIVE;
				CLANG_WARN_UNREACHABLE_CODE = YES;
				CLANG_WARN__DUPLICATE_METHOD_MATCH = YES;
				CODE_SIGN_IDENTITY = "iPhone Developer";
				COPY_PHASE_STRIP = NO;
				DEBUG_INFORMATION_FORMAT = "dwarf-with-dsym";
				ENABLE_NS_ASSERTIONS = NO;
				ENABLE_STRICT_OBJC_MSGSEND = YES;
				GCC_C_LANGUAGE_STANDARD = gnu11;
				GCC_NO_COMMON_BLOCKS = YES;
				GCC_WARN_64_TO_32_BIT_CONVERSION = YES;
				GCC_WARN_ABOUT_RETURN_TYPE = YES_ERROR;
				GCC_WARN_UNDECLARED_SELECTOR = YES;
				GCC_WARN_UNINITIALIZED_AUTOS = YES_AGGRESSIVE;
				GCC_WARN_UNUSED_FUNCTION = YES;
				GCC_WARN_UNUSED_VARIABLE = YES;
				IPHONEOS_DEPLOYMENT_TARGET = 12.1;
				MTL_ENABLE_DEBUG_INFO = NO;
				MTL_FAST_MATH = YES;
				SDKROOT = iphoneos;
				SWIFT_COMPILATION_MODE = wholemodule;
				SWIFT_OPTIMIZATION_LEVEL = "-O";
				VALIDATE_PRODUCT = YES;
			};
			name = Release;
		};
		9DB2AB3224A21D6500CAB2E3 /* Debug */ = {
			isa = XCBuildConfiguration;
			buildSettings = {
				ASSETCATALOG_COMPILER_APPICON_NAME = AppIcon;
				CODE_SIGN_STYLE = Automatic;
				INFOPLIST_FILE = TechnicalTest/Info.plist;
				LD_RUNPATH_SEARCH_PATHS = (
					"$(inherited)",
					"@executable_path/Frameworks",
				);
				PRODUCT_BUNDLE_IDENTIFIER = ChristianRusin.TechnicalTest;
				PRODUCT_NAME = "$(TARGET_NAME)";
				SWIFT_VERSION = 4.2;
				TARGETED_DEVICE_FAMILY = "1,2";
			};
			name = Debug;
		};
		9DB2AB3324A21D6500CAB2E3 /* Release */ = {
			isa = XCBuildConfiguration;
			buildSettings = {
				ASSETCATALOG_COMPILER_APPICON_NAME = AppIcon;
				CODE_SIGN_STYLE = Automatic;
				INFOPLIST_FILE = TechnicalTest/Info.plist;
				LD_RUNPATH_SEARCH_PATHS = (
					"$(inherited)",
					"@executable_path/Frameworks",
				);
				PRODUCT_BUNDLE_IDENTIFIER = ChristianRusin.TechnicalTest;
				PRODUCT_NAME = "$(TARGET_NAME)";
				SWIFT_VERSION = 4.2;
				TARGETED_DEVICE_FAMILY = "1,2";
			};
			name = Release;
		};
/* End XCBuildConfiguration section */

/* Begin XCConfigurationList section */
		9DB2AB1724A21D6400CAB2E3 /* Build configuration list for PBXProject "TechnicalTest" */ = {
			isa = XCConfigurationList;
			buildConfigurations = (
				9DB2AB2F24A21D6500CAB2E3 /* Debug */,
				9DB2AB3024A21D6500CAB2E3 /* Release */,
			);
			defaultConfigurationIsVisible = 0;
			defaultConfigurationName = Release;
		};
		9DB2AB3124A21D6500CAB2E3 /* Build configuration list for PBXNativeTarget "TechnicalTest" */ = {
			isa = XCConfigurationList;
			buildConfigurations = (
				9DB2AB3224A21D6500CAB2E3 /* Debug */,
				9DB2AB3324A21D6500CAB2E3 /* Release */,
			);
			defaultConfigurationIsVisible = 0;
			defaultConfigurationName = Release;
		};
/* End XCConfigurationList section */

/* Begin XCVersionGroup section */
		9DB2AB2624A21D6400CAB2E3 /* TechnicalTest.xcdatamodeld */ = {
			isa = XCVersionGroup;
			children = (
				9DB2AB2724A21D6400CAB2E3 /* TechnicalTest.xcdatamodel */,
			);
			currentVersion = 9DB2AB2724A21D6400CAB2E3 /* TechnicalTest.xcdatamodel */;
			path = TechnicalTest.xcdatamodeld;
			sourceTree = "<group>";
			versionGroupType = wrapper.xcdatamodel;
		};
/* End XCVersionGroup section */
	};
	rootObject = 9DB2AB1424A21D6400CAB2E3 /* Project object */;
}
