// !$*UTF8*$!
{
	archiveVersion = 1;
	classes = {
	};
	objectVersion = 50;
	objects = {

/* Begin PBXBuildFile section */
		9D23E7E024A4D83600AF5799 /* HomeData.swift in Sources */ = {isa = PBXBuildFile; fileRef = 9D23E7DF24A4D83600AF5799 /* HomeData.swift */; };
		9D23E7E224A4FBB100AF5799 /* User.swift in Sources */ = {isa = PBXBuildFile; fileRef = 9D23E7E124A4FBB100AF5799 /* User.swift */; };
		9D23E7E424A4FCD400AF5799 /* Address.swift in Sources */ = {isa = PBXBuildFile; fileRef = 9D23E7E324A4FCD400AF5799 /* Address.swift */; };
		9D23E7E624A50D3F00AF5799 /* Heater.swift in Sources */ = {isa = PBXBuildFile; fileRef = 9D23E7E524A50D3F00AF5799 /* Heater.swift */; };
		9D23E7E824A50D4700AF5799 /* Light.swift in Sources */ = {isa = PBXBuildFile; fileRef = 9D23E7E724A50D4700AF5799 /* Light.swift */; };
		9D23E7EA24A50D5100AF5799 /* Shutter.swift in Sources */ = {isa = PBXBuildFile; fileRef = 9D23E7E924A50D5100AF5799 /* Shutter.swift */; };
		9D23E7F024A53AE100AF5799 /* TechnicalTestApi.swift in Sources */ = {isa = PBXBuildFile; fileRef = 9D23E7EF24A53AE100AF5799 /* TechnicalTestApi.swift */; };
		9D23E7F324A53BAB00AF5799 /* RxSwift.framework in Frameworks */ = {isa = PBXBuildFile; fileRef = 9D23E7F224A53BAB00AF5799 /* RxSwift.framework */; };
		9D23E7F624A53E5F00AF5799 /* RxCocoa.framework in Frameworks */ = {isa = PBXBuildFile; fileRef = 9D23E7F524A53E5F00AF5799 /* RxCocoa.framework */; };
		9D280EB524A7A10000B95BE6 /* CoreDataStack.swift in Sources */ = {isa = PBXBuildFile; fileRef = 9D280EB224A7A10000B95BE6 /* CoreDataStack.swift */; };
		9D280EB624A7A10000B95BE6 /* ManagedObject.swift in Sources */ = {isa = PBXBuildFile; fileRef = 9D280EB324A7A10000B95BE6 /* ManagedObject.swift */; };
		9D280EB724A7A10000B95BE6 /* CoreDataModel.swift in Sources */ = {isa = PBXBuildFile; fileRef = 9D280EB424A7A10000B95BE6 /* CoreDataModel.swift */; };
		9DB2AB2024A21D6400CAB2E3 /* AppDelegate.swift in Sources */ = {isa = PBXBuildFile; fileRef = 9DB2AB1F24A21D6400CAB2E3 /* AppDelegate.swift */; };
		9DB2AB2224A21D6400CAB2E3 /* DashboardViewController.swift in Sources */ = {isa = PBXBuildFile; fileRef = 9DB2AB2124A21D6400CAB2E3 /* DashboardViewController.swift */; };
		9DB2AB2824A21D6400CAB2E3 /* TechnicalTest.xcdatamodeld in Sources */ = {isa = PBXBuildFile; fileRef = 9DB2AB2624A21D6400CAB2E3 /* TechnicalTest.xcdatamodeld */; };
		9DB2AB2A24A21D6500CAB2E3 /* Assets.xcassets in Resources */ = {isa = PBXBuildFile; fileRef = 9DB2AB2924A21D6500CAB2E3 /* Assets.xcassets */; };
		9DB2AB2D24A21D6500CAB2E3 /* LaunchScreen.storyboard in Resources */ = {isa = PBXBuildFile; fileRef = 9DB2AB2B24A21D6500CAB2E3 /* LaunchScreen.storyboard */; };
		9DB35F3024A64B98007A8139 /* DevicesSection.swift in Sources */ = {isa = PBXBuildFile; fileRef = 9DB35F2F24A64B98007A8139 /* DevicesSection.swift */; };
		9DB35F3224A64BBB007A8139 /* DeviceCellModel.swift in Sources */ = {isa = PBXBuildFile; fileRef = 9DB35F3124A64BBB007A8139 /* DeviceCellModel.swift */; };
		9DB35F3424A64C3A007A8139 /* DeviceCell.swift in Sources */ = {isa = PBXBuildFile; fileRef = 9DB35F3324A64C3A007A8139 /* DeviceCell.swift */; };
		9DB35F3624A65EA8007A8139 /* Differentiator.framework in Frameworks */ = {isa = PBXBuildFile; fileRef = 9DB35F3524A65EA8007A8139 /* Differentiator.framework */; };
		9DC1534924A5E50200EDB186 /* UITableView+dequeueReusableCell.swift in Sources */ = {isa = PBXBuildFile; fileRef = 9DC1534824A5E50200EDB186 /* UITableView+dequeueReusableCell.swift */; };
		9DC1534B24A5E54800EDB186 /* ReusableView.swift in Sources */ = {isa = PBXBuildFile; fileRef = 9DC1534A24A5E54800EDB186 /* ReusableView.swift */; };
		9DC1534D24A61DB200EDB186 /* UICollectionView+dequeueReusableCell.swift in Sources */ = {isa = PBXBuildFile; fileRef = 9DC1534C24A61DB200EDB186 /* UICollectionView+dequeueReusableCell.swift */; };
		9DC1534F24A61F5B00EDB186 /* DashboardViewViewModel.swift in Sources */ = {isa = PBXBuildFile; fileRef = 9DC1534E24A61F5B00EDB186 /* DashboardViewViewModel.swift */; };
/* End PBXBuildFile section */

/* Begin PBXFileReference section */
		9D23E7DF24A4D83600AF5799 /* HomeData.swift */ = {isa = PBXFileReference; lastKnownFileType = sourcecode.swift; path = HomeData.swift; sourceTree = "<group>"; };
		9D23E7E124A4FBB100AF5799 /* User.swift */ = {isa = PBXFileReference; lastKnownFileType = sourcecode.swift; path = User.swift; sourceTree = "<group>"; };
		9D23E7E324A4FCD400AF5799 /* Address.swift */ = {isa = PBXFileReference; lastKnownFileType = sourcecode.swift; path = Address.swift; sourceTree = "<group>"; };
		9D23E7E524A50D3F00AF5799 /* Heater.swift */ = {isa = PBXFileReference; lastKnownFileType = sourcecode.swift; path = Heater.swift; sourceTree = "<group>"; };
		9D23E7E724A50D4700AF5799 /* Light.swift */ = {isa = PBXFileReference; lastKnownFileType = sourcecode.swift; path = Light.swift; sourceTree = "<group>"; };
		9D23E7E924A50D5100AF5799 /* Shutter.swift */ = {isa = PBXFileReference; lastKnownFileType = sourcecode.swift; path = Shutter.swift; sourceTree = "<group>"; };
		9D23E7EF24A53AE100AF5799 /* TechnicalTestApi.swift */ = {isa = PBXFileReference; lastKnownFileType = sourcecode.swift; path = TechnicalTestApi.swift; sourceTree = "<group>"; };
		9D23E7F224A53BAB00AF5799 /* RxSwift.framework */ = {isa = PBXFileReference; lastKnownFileType = wrapper.framework; name = RxSwift.framework; path = TechnicalTest/Carthage/Build/iOS/RxSwift.framework; sourceTree = "<group>"; };
		9D23E7F524A53E5F00AF5799 /* RxCocoa.framework */ = {isa = PBXFileReference; lastKnownFileType = wrapper.framework; name = RxCocoa.framework; path = TechnicalTest/Carthage/Build/iOS/RxCocoa.framework; sourceTree = "<group>"; };
		9D280EB224A7A10000B95BE6 /* CoreDataStack.swift */ = {isa = PBXFileReference; fileEncoding = 4; lastKnownFileType = sourcecode.swift; path = CoreDataStack.swift; sourceTree = "<group>"; };
		9D280EB324A7A10000B95BE6 /* ManagedObject.swift */ = {isa = PBXFileReference; fileEncoding = 4; lastKnownFileType = sourcecode.swift; path = ManagedObject.swift; sourceTree = "<group>"; };
		9D280EB424A7A10000B95BE6 /* CoreDataModel.swift */ = {isa = PBXFileReference; fileEncoding = 4; lastKnownFileType = sourcecode.swift; path = CoreDataModel.swift; sourceTree = "<group>"; };
		9DB2AB1C24A21D6400CAB2E3 /* TechnicalTest.app */ = {isa = PBXFileReference; explicitFileType = wrapper.application; includeInIndex = 0; path = TechnicalTest.app; sourceTree = BUILT_PRODUCTS_DIR; };
		9DB2AB1F24A21D6400CAB2E3 /* AppDelegate.swift */ = {isa = PBXFileReference; lastKnownFileType = sourcecode.swift; path = AppDelegate.swift; sourceTree = "<group>"; };
		9DB2AB2124A21D6400CAB2E3 /* DashboardViewController.swift */ = {isa = PBXFileReference; lastKnownFileType = sourcecode.swift; path = DashboardViewController.swift; sourceTree = "<group>"; };
		9DB2AB2724A21D6400CAB2E3 /* TechnicalTest.xcdatamodel */ = {isa = PBXFileReference; lastKnownFileType = wrapper.xcdatamodel; path = TechnicalTest.xcdatamodel; sourceTree = "<group>"; };
		9DB2AB2924A21D6500CAB2E3 /* Assets.xcassets */ = {isa = PBXFileReference; lastKnownFileType = folder.assetcatalog; path = Assets.xcassets; sourceTree = "<group>"; };
		9DB2AB2C24A21D6500CAB2E3 /* Base */ = {isa = PBXFileReference; lastKnownFileType = file.storyboard; name = Base; path = Base.lproj/LaunchScreen.storyboard; sourceTree = "<group>"; };
		9DB2AB2E24A21D6500CAB2E3 /* Info.plist */ = {isa = PBXFileReference; lastKnownFileType = text.plist.xml; path = Info.plist; sourceTree = "<group>"; };
		9DB35F2F24A64B98007A8139 /* DevicesSection.swift */ = {isa = PBXFileReference; fileEncoding = 4; lastKnownFileType = sourcecode.swift; path = DevicesSection.swift; sourceTree = "<group>"; };
		9DB35F3124A64BBB007A8139 /* DeviceCellModel.swift */ = {isa = PBXFileReference; lastKnownFileType = sourcecode.swift; path = DeviceCellModel.swift; sourceTree = "<group>"; };
		9DB35F3324A64C3A007A8139 /* DeviceCell.swift */ = {isa = PBXFileReference; lastKnownFileType = sourcecode.swift; path = DeviceCell.swift; sourceTree = "<group>"; };
		9DB35F3524A65EA8007A8139 /* Differentiator.framework */ = {isa = PBXFileReference; lastKnownFileType = wrapper.framework; name = Differentiator.framework; path = TechnicalTest/Carthage/Build/iOS/Differentiator.framework; sourceTree = "<group>"; };
		9DC1534824A5E50200EDB186 /* UITableView+dequeueReusableCell.swift */ = {isa = PBXFileReference; lastKnownFileType = sourcecode.swift; path = "UITableView+dequeueReusableCell.swift"; sourceTree = "<group>"; };
		9DC1534A24A5E54800EDB186 /* ReusableView.swift */ = {isa = PBXFileReference; lastKnownFileType = sourcecode.swift; path = ReusableView.swift; sourceTree = "<group>"; };
		9DC1534C24A61DB200EDB186 /* UICollectionView+dequeueReusableCell.swift */ = {isa = PBXFileReference; lastKnownFileType = sourcecode.swift; path = "UICollectionView+dequeueReusableCell.swift"; sourceTree = "<group>"; };
		9DC1534E24A61F5B00EDB186 /* DashboardViewViewModel.swift */ = {isa = PBXFileReference; lastKnownFileType = sourcecode.swift; path = DashboardViewViewModel.swift; sourceTree = "<group>"; };
/* End PBXFileReference section */

/* Begin PBXFrameworksBuildPhase section */
		9DB2AB1924A21D6400CAB2E3 /* Frameworks */ = {
			isa = PBXFrameworksBuildPhase;
			buildActionMask = 2147483647;
			files = (
				9DB35F3624A65EA8007A8139 /* Differentiator.framework in Frameworks */,
				9D23E7F624A53E5F00AF5799 /* RxCocoa.framework in Frameworks */,
				9D23E7F324A53BAB00AF5799 /* RxSwift.framework in Frameworks */,
			);
			runOnlyForDeploymentPostprocessing = 0;
		};
/* End PBXFrameworksBuildPhase section */

/* Begin PBXGroup section */
		9D23E7DD24A4D52400AF5799 /* View Controllers */ = {
			isa = PBXGroup;
			children = (
				9DB2AB2124A21D6400CAB2E3 /* DashboardViewController.swift */,
				9DC1534E24A61F5B00EDB186 /* DashboardViewViewModel.swift */,
			);
			path = "View Controllers";
			sourceTree = "<group>";
		};
		9D23E7DE24A4D59700AF5799 /* Models */ = {
			isa = PBXGroup;
			children = (
				9D23E7DF24A4D83600AF5799 /* HomeData.swift */,
				9D23E7E124A4FBB100AF5799 /* User.swift */,
				9D23E7E324A4FCD400AF5799 /* Address.swift */,
				9D23E7E524A50D3F00AF5799 /* Heater.swift */,
				9D23E7E724A50D4700AF5799 /* Light.swift */,
				9D23E7E924A50D5100AF5799 /* Shutter.swift */,
			);
			path = Models;
			sourceTree = "<group>";
		};
		9D23E7ED24A53A7B00AF5799 /* Network */ = {
			isa = PBXGroup;
			children = (
				9D23E7EF24A53AE100AF5799 /* TechnicalTestApi.swift */,
			);
			path = Network;
			sourceTree = "<group>";
		};
		9D23E7F124A53BAB00AF5799 /* Frameworks */ = {
			isa = PBXGroup;
			children = (
				9DB35F3524A65EA8007A8139 /* Differentiator.framework */,
				9D23E7F524A53E5F00AF5799 /* RxCocoa.framework */,
				9D23E7F224A53BAB00AF5799 /* RxSwift.framework */,
			);
			name = Frameworks;
			sourceTree = "<group>";
		};
		9D280EB124A7A0EA00B95BE6 /* Persistence */ = {
			isa = PBXGroup;
			children = (
				9D280EB424A7A10000B95BE6 /* CoreDataModel.swift */,
				9D280EB224A7A10000B95BE6 /* CoreDataStack.swift */,
				9D280EB324A7A10000B95BE6 /* ManagedObject.swift */,
			);
			path = Persistence;
			sourceTree = "<group>";
		};
		9DB2AB1324A21D6400CAB2E3 = {
			isa = PBXGroup;
			children = (
				9DB2AB1E24A21D6400CAB2E3 /* TechnicalTest */,
				9DB2AB1D24A21D6400CAB2E3 /* Products */,
				9D23E7F124A53BAB00AF5799 /* Frameworks */,
			);
			sourceTree = "<group>";
		};
		9DB2AB1D24A21D6400CAB2E3 /* Products */ = {
			isa = PBXGroup;
			children = (
				9DB2AB1C24A21D6400CAB2E3 /* TechnicalTest.app */,
			);
			name = Products;
			sourceTree = "<group>";
		};
		9DB2AB1E24A21D6400CAB2E3 /* TechnicalTest */ = {
			isa = PBXGroup;
			children = (
				9D280EB124A7A0EA00B95BE6 /* Persistence */,
				9DB35F2E24A64B6D007A8139 /* Views */,
				9DC1534724A5E4E500EDB186 /* Extensions */,
				9D23E7ED24A53A7B00AF5799 /* Network */,
				9D23E7DE24A4D59700AF5799 /* Models */,
				9D23E7DD24A4D52400AF5799 /* View Controllers */,
				9DB2AB1F24A21D6400CAB2E3 /* AppDelegate.swift */,
				9DB2AB2924A21D6500CAB2E3 /* Assets.xcassets */,
				9DB2AB2B24A21D6500CAB2E3 /* LaunchScreen.storyboard */,
				9DB2AB2E24A21D6500CAB2E3 /* Info.plist */,
				9DB2AB2624A21D6400CAB2E3 /* TechnicalTest.xcdatamodeld */,
			);
			path = TechnicalTest;
			sourceTree = "<group>";
		};
		9DB35F2E24A64B6D007A8139 /* Views */ = {
			isa = PBXGroup;
			children = (
				9DB35F2F24A64B98007A8139 /* DevicesSection.swift */,
				9DB35F3124A64BBB007A8139 /* DeviceCellModel.swift */,
				9DB35F3324A64C3A007A8139 /* DeviceCell.swift */,
			);
			path = Views;
			sourceTree = "<group>";
		};
		9DC1534724A5E4E500EDB186 /* Extensions */ = {
			isa = PBXGroup;
			children = (
				9DC1534824A5E50200EDB186 /* UITableView+dequeueReusableCell.swift */,
				9DC1534C24A61DB200EDB186 /* UICollectionView+dequeueReusableCell.swift */,
				9DC1534A24A5E54800EDB186 /* ReusableView.swift */,
			);
			path = Extensions;
			sourceTree = "<group>";
		};
/* End PBXGroup section */

/* Begin PBXNativeTarget section */
		9DB2AB1B24A21D6400CAB2E3 /* TechnicalTest */ = {
			isa = PBXNativeTarget;
			buildConfigurationList = 9DB2AB3124A21D6500CAB2E3 /* Build configuration list for PBXNativeTarget "TechnicalTest" */;
			buildPhases = (
				9DB2AB1824A21D6400CAB2E3 /* Sources */,
				9DB2AB1924A21D6400CAB2E3 /* Frameworks */,
				9DB2AB1A24A21D6400CAB2E3 /* Resources */,
				9DC1534624A5E37400EDB186 /* Carthage copy */,
			);
			buildRules = (
			);
			dependencies = (
			);
			name = TechnicalTest;
			productName = TechnicalTest;
			productReference = 9DB2AB1C24A21D6400CAB2E3 /* TechnicalTest.app */;
			productType = "com.apple.product-type.application";
		};
/* End PBXNativeTarget section */

/* Begin PBXProject section */
		9DB2AB1424A21D6400CAB2E3 /* Project object */ = {
			isa = PBXProject;
			attributes = {
				LastSwiftUpdateCheck = 1010;
				LastUpgradeCheck = 1010;
				ORGANIZATIONNAME = ChristianRusin;
				TargetAttributes = {
					9DB2AB1B24A21D6400CAB2E3 = {
						CreatedOnToolsVersion = 10.1;
					};
				};
			};
			buildConfigurationList = 9DB2AB1724A21D6400CAB2E3 /* Build configuration list for PBXProject "TechnicalTest" */;
			compatibilityVersion = "Xcode 9.3";
			developmentRegion = en;
			hasScannedForEncodings = 0;
			knownRegions = (
				en,
				Base,
			);
			mainGroup = 9DB2AB1324A21D6400CAB2E3;
			productRefGroup = 9DB2AB1D24A21D6400CAB2E3 /* Products */;
			projectDirPath = "";
			projectRoot = "";
			targets = (
				9DB2AB1B24A21D6400CAB2E3 /* TechnicalTest */,
			);
		};
/* End PBXProject section */

/* Begin PBXResourcesBuildPhase section */
		9DB2AB1A24A21D6400CAB2E3 /* Resources */ = {
			isa = PBXResourcesBuildPhase;
			buildActionMask = 2147483647;
			files = (
				9DB2AB2D24A21D6500CAB2E3 /* LaunchScreen.storyboard in Resources */,
				9DB2AB2A24A21D6500CAB2E3 /* Assets.xcassets in Resources */,
			);
			runOnlyForDeploymentPostprocessing = 0;
		};
/* End PBXResourcesBuildPhase section */

/* Begin PBXShellScriptBuildPhase section */
		9DC1534624A5E37400EDB186 /* Carthage copy */ = {
			isa = PBXShellScriptBuildPhase;
			buildActionMask = 2147483647;
			files = (
			);
			inputFileListPaths = (
			);
			inputPaths = (
				"$(SRCROOT)/TechnicalTest/Carthage/Build/iOS/RxCocoa.framework",
				"$(SRCROOT)/TechnicalTest/Carthage/Build/iOS/RxSwift.framework",
				"$(SRCROOT)/TechnicalTest/Carthage/Build/iOS/Differentiator.framework",
			);
			name = "Carthage copy";
			outputFileListPaths = (
			);
			outputPaths = (
			);
			runOnlyForDeploymentPostprocessing = 0;
			shellPath = /bin/sh;
			shellScript = "/usr/local/bin/carthage copy-frameworks\n";
		};
/* End PBXShellScriptBuildPhase section */

/* Begin PBXSourcesBuildPhase section */
		9DB2AB1824A21D6400CAB2E3 /* Sources */ = {
			isa = PBXSourcesBuildPhase;
			buildActionMask = 2147483647;
			files = (
				9D23E7E424A4FCD400AF5799 /* Address.swift in Sources */,
				9D23E7E624A50D3F00AF5799 /* Heater.swift in Sources */,
				9D23E7F024A53AE100AF5799 /* TechnicalTestApi.swift in Sources */,
				9D280EB524A7A10000B95BE6 /* CoreDataStack.swift in Sources */,
				9D23E7E024A4D83600AF5799 /* HomeData.swift in Sources */,
				9D280EB624A7A10000B95BE6 /* ManagedObject.swift in Sources */,
				9DB2AB2824A21D6400CAB2E3 /* TechnicalTest.xcdatamodeld in Sources */,
				9DB35F3424A64C3A007A8139 /* DeviceCell.swift in Sources */,
				9DB35F3224A64BBB007A8139 /* DeviceCellModel.swift in Sources */,
				9DC1534924A5E50200EDB186 /* UITableView+dequeueReusableCell.swift in Sources */,
				9DB2AB2224A21D6400CAB2E3 /* DashboardViewController.swift in Sources */,
				9DB35F3024A64B98007A8139 /* DevicesSection.swift in Sources */,
				9DC1534F24A61F5B00EDB186 /* DashboardViewViewModel.swift in Sources */,
				9DC1534B24A5E54800EDB186 /* ReusableView.swift in Sources */,
				9D23E7E224A4FBB100AF5799 /* User.swift in Sources */,
				9DC1534D24A61DB200EDB186 /* UICollectionView+dequeueReusableCell.swift in Sources */,
				9D23E7EA24A50D5100AF5799 /* Shutter.swift in Sources */,
				9D23E7E824A50D4700AF5799 /* Light.swift in Sources */,
				9D280EB724A7A10000B95BE6 /* CoreDataModel.swift in Sources */,
				9DB2AB2024A21D6400CAB2E3 /* AppDelegate.swift in Sources */,
			);
			runOnlyForDeploymentPostprocessing = 0;
		};
/* End PBXSourcesBuildPhase section */

/* Begin PBXVariantGroup section */
		9DB2AB2B24A21D6500CAB2E3 /* LaunchScreen.storyboard */ = {
			isa = PBXVariantGroup;
			children = (
				9DB2AB2C24A21D6500CAB2E3 /* Base */,
			);
			name = LaunchScreen.storyboard;
			sourceTree = "<group>";
		};
/* End PBXVariantGroup section */

/* Begin XCBuildConfiguration section */
		9DB2AB2F24A21D6500CAB2E3 /* Debug */ = {
			isa = XCBuildConfiguration;
			buildSettings = {
				ALWAYS_SEARCH_USER_PATHS = NO;
				CLANG_ANALYZER_NONNULL = YES;
				CLANG_ANALYZER_NUMBER_OBJECT_CONVERSION = YES_AGGRESSIVE;
				CLANG_CXX_LANGUAGE_STANDARD = "gnu++14";
				CLANG_CXX_LIBRARY = "libc++";
				CLANG_ENABLE_MODULES = YES;
				CLANG_ENABLE_OBJC_ARC = YES;
				CLANG_ENABLE_OBJC_WEAK = YES;
				CLANG_WARN_BLOCK_CAPTURE_AUTORELEASING = YES;
				CLANG_WARN_BOOL_CONVERSION = YES;
				CLANG_WARN_COMMA = YES;
				CLANG_WARN_CONSTANT_CONVERSION = YES;
				CLANG_WARN_DEPRECATED_OBJC_IMPLEMENTATIONS = YES;
				CLANG_WARN_DIRECT_OBJC_ISA_USAGE = YES_ERROR;
				CLANG_WARN_DOCUMENTATION_COMMENTS = YES;
				CLANG_WARN_EMPTY_BODY = YES;
				CLANG_WARN_ENUM_CONVERSION = YES;
				CLANG_WARN_INFINITE_RECURSION = YES;
				CLANG_WARN_INT_CONVERSION = YES;
				CLANG_WARN_NON_LITERAL_NULL_CONVERSION = YES;
				CLANG_WARN_OBJC_IMPLICIT_RETAIN_SELF = YES;
				CLANG_WARN_OBJC_LITERAL_CONVERSION = YES;
				CLANG_WARN_OBJC_ROOT_CLASS = YES_ERROR;
				CLANG_WARN_RANGE_LOOP_ANALYSIS = YES;
				CLANG_WARN_STRICT_PROTOTYPES = YES;
				CLANG_WARN_SUSPICIOUS_MOVE = YES;
				CLANG_WARN_UNGUARDED_AVAILABILITY = YES_AGGRESSIVE;
				CLANG_WARN_UNREACHABLE_CODE = YES;
				CLANG_WARN__DUPLICATE_METHOD_MATCH = YES;
				CODE_SIGN_IDENTITY = "iPhone Developer";
				COPY_PHASE_STRIP = NO;
				DEBUG_INFORMATION_FORMAT = dwarf;
				ENABLE_STRICT_OBJC_MSGSEND = YES;
				ENABLE_TESTABILITY = YES;
				GCC_C_LANGUAGE_STANDARD = gnu11;
				GCC_DYNAMIC_NO_PIC = NO;
				GCC_NO_COMMON_BLOCKS = YES;
				GCC_OPTIMIZATION_LEVEL = 0;
				GCC_PREPROCESSOR_DEFINITIONS = (
					"DEBUG=1",
					"$(inherited)",
				);
				GCC_WARN_64_TO_32_BIT_CONVERSION = YES;
				GCC_WARN_ABOUT_RETURN_TYPE = YES_ERROR;
				GCC_WARN_UNDECLARED_SELECTOR = YES;
				GCC_WARN_UNINITIALIZED_AUTOS = YES_AGGRESSIVE;
				GCC_WARN_UNUSED_FUNCTION = YES;
				GCC_WARN_UNUSED_VARIABLE = YES;
				IPHONEOS_DEPLOYMENT_TARGET = 12.1;
				MTL_ENABLE_DEBUG_INFO = INCLUDE_SOURCE;
				MTL_FAST_MATH = YES;
				ONLY_ACTIVE_ARCH = YES;
				SDKROOT = iphoneos;
				SWIFT_ACTIVE_COMPILATION_CONDITIONS = DEBUG;
				SWIFT_OPTIMIZATION_LEVEL = "-Onone";
			};
			name = Debug;
		};
		9DB2AB3024A21D6500CAB2E3 /* Release */ = {
			isa = XCBuildConfiguration;
			buildSettings = {
				ALWAYS_SEARCH_USER_PATHS = NO;
				CLANG_ANALYZER_NONNULL = YES;
				CLANG_ANALYZER_NUMBER_OBJECT_CONVERSION = YES_AGGRESSIVE;
				CLANG_CXX_LANGUAGE_STANDARD = "gnu++14";
				CLANG_CXX_LIBRARY = "libc++";
				CLANG_ENABLE_MODULES = YES;
				CLANG_ENABLE_OBJC_ARC = YES;
				CLANG_ENABLE_OBJC_WEAK = YES;
				CLANG_WARN_BLOCK_CAPTURE_AUTORELEASING = YES;
				CLANG_WARN_BOOL_CONVERSION = YES;
				CLANG_WARN_COMMA = YES;
				CLANG_WARN_CONSTANT_CONVERSION = YES;
				CLANG_WARN_DEPRECATED_OBJC_IMPLEMENTATIONS = YES;
				CLANG_WARN_DIRECT_OBJC_ISA_USAGE = YES_ERROR;
				CLANG_WARN_DOCUMENTATION_COMMENTS = YES;
				CLANG_WARN_EMPTY_BODY = YES;
				CLANG_WARN_ENUM_CONVERSION = YES;
				CLANG_WARN_INFINITE_RECURSION = YES;
				CLANG_WARN_INT_CONVERSION = YES;
				CLANG_WARN_NON_LITERAL_NULL_CONVERSION = YES;
				CLANG_WARN_OBJC_IMPLICIT_RETAIN_SELF = YES;
				CLANG_WARN_OBJC_LITERAL_CONVERSION = YES;
				CLANG_WARN_OBJC_ROOT_CLASS = YES_ERROR;
				CLANG_WARN_RANGE_LOOP_ANALYSIS = YES;
				CLANG_WARN_STRICT_PROTOTYPES = YES;
				CLANG_WARN_SUSPICIOUS_MOVE = YES;
				CLANG_WARN_UNGUARDED_AVAILABILITY = YES_AGGRESSIVE;
				CLANG_WARN_UNREACHABLE_CODE = YES;
				CLANG_WARN__DUPLICATE_METHOD_MATCH = YES;
				CODE_SIGN_IDENTITY = "iPhone Developer";
				COPY_PHASE_STRIP = NO;
				DEBUG_INFORMATION_FORMAT = "dwarf-with-dsym";
				ENABLE_NS_ASSERTIONS = NO;
				ENABLE_STRICT_OBJC_MSGSEND = YES;
				GCC_C_LANGUAGE_STANDARD = gnu11;
				GCC_NO_COMMON_BLOCKS = YES;
				GCC_WARN_64_TO_32_BIT_CONVERSION = YES;
				GCC_WARN_ABOUT_RETURN_TYPE = YES_ERROR;
				GCC_WARN_UNDECLARED_SELECTOR = YES;
				GCC_WARN_UNINITIALIZED_AUTOS = YES_AGGRESSIVE;
				GCC_WARN_UNUSED_FUNCTION = YES;
				GCC_WARN_UNUSED_VARIABLE = YES;
				IPHONEOS_DEPLOYMENT_TARGET = 12.1;
				MTL_ENABLE_DEBUG_INFO = NO;
				MTL_FAST_MATH = YES;
				SDKROOT = iphoneos;
				SWIFT_COMPILATION_MODE = wholemodule;
				SWIFT_OPTIMIZATION_LEVEL = "-O";
				VALIDATE_PRODUCT = YES;
			};
			name = Release;
		};
		9DB2AB3224A21D6500CAB2E3 /* Debug */ = {
			isa = XCBuildConfiguration;
			buildSettings = {
				ASSETCATALOG_COMPILER_APPICON_NAME = AppIcon;
				CODE_SIGN_STYLE = Automatic;
				FRAMEWORK_SEARCH_PATHS = (
					"$(inherited)",
					"$(PROJECT_DIR)/TechnicalTest/Carthage/Build/iOS",
				);
				INFOPLIST_FILE = TechnicalTest/Info.plist;
				LD_RUNPATH_SEARCH_PATHS = (
					"$(inherited)",
					"@executable_path/Frameworks",
				);
				PRODUCT_BUNDLE_IDENTIFIER = ChristianRusin.TechnicalTest;
				PRODUCT_NAME = "$(TARGET_NAME)";
				SWIFT_VERSION = 4.2;
				TARGETED_DEVICE_FAMILY = "1,2";
			};
			name = Debug;
		};
		9DB2AB3324A21D6500CAB2E3 /* Release */ = {
			isa = XCBuildConfiguration;
			buildSettings = {
				ASSETCATALOG_COMPILER_APPICON_NAME = AppIcon;
				CODE_SIGN_STYLE = Automatic;
				FRAMEWORK_SEARCH_PATHS = (
					"$(inherited)",
					"$(PROJECT_DIR)/TechnicalTest/Carthage/Build/iOS",
				);
				INFOPLIST_FILE = TechnicalTest/Info.plist;
				LD_RUNPATH_SEARCH_PATHS = (
					"$(inherited)",
					"@executable_path/Frameworks",
				);
				PRODUCT_BUNDLE_IDENTIFIER = ChristianRusin.TechnicalTest;
				PRODUCT_NAME = "$(TARGET_NAME)";
				SWIFT_VERSION = 4.2;
				TARGETED_DEVICE_FAMILY = "1,2";
			};
			name = Release;
		};
/* End XCBuildConfiguration section */

/* Begin XCConfigurationList section */
		9DB2AB1724A21D6400CAB2E3 /* Build configuration list for PBXProject "TechnicalTest" */ = {
			isa = XCConfigurationList;
			buildConfigurations = (
				9DB2AB2F24A21D6500CAB2E3 /* Debug */,
				9DB2AB3024A21D6500CAB2E3 /* Release */,
			);
			defaultConfigurationIsVisible = 0;
			defaultConfigurationName = Release;
		};
		9DB2AB3124A21D6500CAB2E3 /* Build configuration list for PBXNativeTarget "TechnicalTest" */ = {
			isa = XCConfigurationList;
			buildConfigurations = (
				9DB2AB3224A21D6500CAB2E3 /* Debug */,
				9DB2AB3324A21D6500CAB2E3 /* Release */,
			);
			defaultConfigurationIsVisible = 0;
			defaultConfigurationName = Release;
		};
/* End XCConfigurationList section */

/* Begin XCVersionGroup section */
		9DB2AB2624A21D6400CAB2E3 /* TechnicalTest.xcdatamodeld */ = {
			isa = XCVersionGroup;
			children = (
				9DB2AB2724A21D6400CAB2E3 /* TechnicalTest.xcdatamodel */,
			);
			currentVersion = 9DB2AB2724A21D6400CAB2E3 /* TechnicalTest.xcdatamodel */;
			path = TechnicalTest.xcdatamodeld;
			sourceTree = "<group>";
			versionGroupType = wrapper.xcdatamodel;
		};
/* End XCVersionGroup section */
	};
	rootObject = 9DB2AB1424A21D6400CAB2E3 /* Project object */;
}
